
Microsoft Visual Studio Solution File, Format Version 12.00
# Visual Studio 15
Project("{FAE04EC0-301F-11D3-BF4B-00C04F79EFBC}") = "GNGit.Android", "GNGit.Android\GNGit.Android.csproj", "{F0AC370D-9D35-476C-AD89-5D2710F2BF68}"
EndProject
Project("{FAE04EC0-301F-11D3-BF4B-00C04F79EFBC}") = "GNGit.iOS", "GNGit.iOS\GNGit.iOS.csproj", "{E7066BCF-51F4-4A46-958B-8B1A9A2DE320}"
EndProject
Project("{FAE04EC0-301F-11D3-BF4B-00C04F79EFBC}") = "GNGit.UITests", "GNGit.UITests\GNGit.UITests.csproj", "{B19C892E-2628-4CA7-AD27-08D406A3B14B}"
EndProject
Project("{FAE04EC0-301F-11D3-BF4B-00C04F79EFBC}") = "GNGit", "GNGit\GNGit.csproj", "{28C48F91-0303-4EEF-990A-965B2AD83034}"
EndProject
Global
	GlobalSection(SolutionConfigurationPlatforms) = preSolution
		Debug|Any CPU = Debug|Any CPU
		Release|Any CPU = Release|Any CPU
		Debug|iPhoneSimulator = Debug|iPhoneSimulator
		Release|iPhoneSimulator = Release|iPhoneSimulator
		Debug|iPhone = Debug|iPhone
		Release|iPhone = Release|iPhone
		Ad-Hoc|iPhone = Ad-Hoc|iPhone
		AppStore|iPhone = AppStore|iPhone
	EndGlobalSection
	GlobalSection(ProjectConfigurationPlatforms) = postSolution
		{F0AC370D-9D35-476C-AD89-5D2710F2BF68}.Debug|Any CPU.ActiveCfg = Debug|Any CPU
		{F0AC370D-9D35-476C-AD89-5D2710F2BF68}.Debug|Any CPU.Build.0 = Debug|Any CPU
		{F0AC370D-9D35-476C-AD89-5D2710F2BF68}.Release|Any CPU.ActiveCfg = Release|Any CPU
		{F0AC370D-9D35-476C-AD89-5D2710F2BF68}.Release|Any CPU.Build.0 = Release|Any CPU
		{F0AC370D-9D35-476C-AD89-5D2710F2BF68}.Debug|iPhoneSimulator.ActiveCfg = Debug|Any CPU
		{F0AC370D-9D35-476C-AD89-5D2710F2BF68}.Debug|iPhoneSimulator.Build.0 = Debug|Any CPU
		{F0AC370D-9D35-476C-AD89-5D2710F2BF68}.Release|iPhoneSimulator.ActiveCfg = Release|Any CPU
		{F0AC370D-9D35-476C-AD89-5D2710F2BF68}.Release|iPhoneSimulator.Build.0 = Release|Any CPU
		{F0AC370D-9D35-476C-AD89-5D2710F2BF68}.Debug|iPhone.ActiveCfg = Debug|Any CPU
		{F0AC370D-9D35-476C-AD89-5D2710F2BF68}.Debug|iPhone.Build.0 = Debug|Any CPU
		{F0AC370D-9D35-476C-AD89-5D2710F2BF68}.Release|iPhone.ActiveCfg = Release|Any CPU
		{F0AC370D-9D35-476C-AD89-5D2710F2BF68}.Release|iPhone.Build.0 = Release|Any CPU
		{F0AC370D-9D35-476C-AD89-5D2710F2BF68}.Ad-Hoc|iPhone.ActiveCfg = Debug|Any CPU
		{F0AC370D-9D35-476C-AD89-5D2710F2BF68}.Ad-Hoc|iPhone.Build.0 = Debug|Any CPU
		{F0AC370D-9D35-476C-AD89-5D2710F2BF68}.AppStore|iPhone.ActiveCfg = Debug|Any CPU
		{F0AC370D-9D35-476C-AD89-5D2710F2BF68}.AppStore|iPhone.Build.0 = Debug|Any CPU
		{E7066BCF-51F4-4A46-958B-8B1A9A2DE320}.Debug|Any CPU.ActiveCfg = Debug|iPhoneSimulator
		{E7066BCF-51F4-4A46-958B-8B1A9A2DE320}.Debug|Any CPU.Build.0 = Debug|iPhoneSimulator
		{E7066BCF-51F4-4A46-958B-8B1A9A2DE320}.Release|Any CPU.ActiveCfg = Release|iPhoneSimulator
		{E7066BCF-51F4-4A46-958B-8B1A9A2DE320}.Release|Any CPU.Build.0 = Release|iPhoneSimulator
		{E7066BCF-51F4-4A46-958B-8B1A9A2DE320}.Debug|iPhoneSimulator.ActiveCfg = Debug|iPhoneSimulator
		{E7066BCF-51F4-4A46-958B-8B1A9A2DE320}.Debug|iPhoneSimulator.Build.0 = Debug|iPhoneSimulator
		{E7066BCF-51F4-4A46-958B-8B1A9A2DE320}.Release|iPhoneSimulator.ActiveCfg = Release|iPhoneSimulator
		{E7066BCF-51F4-4A46-958B-8B1A9A2DE320}.Release|iPhoneSimulator.Build.0 = Release|iPhoneSimulator
		{E7066BCF-51F4-4A46-958B-8B1A9A2DE320}.Debug|iPhone.ActiveCfg = Debug|iPhone
		{E7066BCF-51F4-4A46-958B-8B1A9A2DE320}.Debug|iPhone.Build.0 = Debug|iPhone
		{E7066BCF-51F4-4A46-958B-8B1A9A2DE320}.Release|iPhone.ActiveCfg = Release|iPhone
		{E7066BCF-51F4-4A46-958B-8B1A9A2DE320}.Release|iPhone.Build.0 = Release|iPhone
		{E7066BCF-51F4-4A46-958B-8B1A9A2DE320}.Ad-Hoc|iPhone.ActiveCfg = Ad-Hoc|iPhone
		{E7066BCF-51F4-4A46-958B-8B1A9A2DE320}.Ad-Hoc|iPhone.Build.0 = Ad-Hoc|iPhone
		{E7066BCF-51F4-4A46-958B-8B1A9A2DE320}.AppStore|iPhone.ActiveCfg = AppStore|iPhone
		{E7066BCF-51F4-4A46-958B-8B1A9A2DE320}.AppStore|iPhone.Build.0 = AppStore|iPhone
		{B19C892E-2628-4CA7-AD27-08D406A3B14B}.Debug|Any CPU.ActiveCfg = Debug|Any CPU
		{B19C892E-2628-4CA7-AD27-08D406A3B14B}.Debug|Any CPU.Build.0 = Debug|Any CPU
		{B19C892E-2628-4CA7-AD27-08D406A3B14B}.Release|Any CPU.ActiveCfg = Release|Any CPU
		{B19C892E-2628-4CA7-AD27-08D406A3B14B}.Release|Any CPU.Build.0 = Release|Any CPU
		{B19C892E-2628-4CA7-AD27-08D406A3B14B}.Debug|iPhoneSimulator.ActiveCfg = Debug|Any CPU
		{B19C892E-2628-4CA7-AD27-08D406A3B14B}.Debug|iPhoneSimulator.Build.0 = Debug|Any CPU
		{B19C892E-2628-4CA7-AD27-08D406A3B14B}.Release|iPhoneSimulator.ActiveCfg = Release|Any CPU
		{B19C892E-2628-4CA7-AD27-08D406A3B14B}.Release|iPhoneSimulator.Build.0 = Release|Any CPU
		{B19C892E-2628-4CA7-AD27-08D406A3B14B}.Debug|iPhone.ActiveCfg = Debug|Any CPU
		{B19C892E-2628-4CA7-AD27-08D406A3B14B}.Debug|iPhone.Build.0 = Debug|Any CPU
		{B19C892E-2628-4CA7-AD27-08D406A3B14B}.Release|iPhone.ActiveCfg = Release|Any CPU
		{B19C892E-2628-4CA7-AD27-08D406A3B14B}.Release|iPhone.Build.0 = Release|Any CPU
		{B19C892E-2628-4CA7-AD27-08D406A3B14B}.Ad-Hoc|iPhone.ActiveCfg = Debug|Any CPU
		{B19C892E-2628-4CA7-AD27-08D406A3B14B}.Ad-Hoc|iPhone.Build.0 = Debug|Any CPU
		{B19C892E-2628-4CA7-AD27-08D406A3B14B}.AppStore|iPhone.ActiveCfg = Debug|Any CPU
		{B19C892E-2628-4CA7-AD27-08D406A3B14B}.AppStore|iPhone.Build.0 = Debug|Any CPU
		{28C48F91-0303-4EEF-990A-965B2AD83034}.Debug|Any CPU.ActiveCfg = Debug|Any CPU
		{28C48F91-0303-4EEF-990A-965B2AD83034}.Debug|Any CPU.Build.0 = Debug|Any CPU
		{28C48F91-0303-4EEF-990A-965B2AD83034}.Release|Any CPU.ActiveCfg = Release|Any CPU
		{28C48F91-0303-4EEF-990A-965B2AD83034}.Release|Any CPU.Build.0 = Release|Any CPU
		{28C48F91-0303-4EEF-990A-965B2AD83034}.Debug|iPhoneSimulator.ActiveCfg = Debug|Any CPU
		{28C48F91-0303-4EEF-990A-965B2AD83034}.Debug|iPhoneSimulator.Build.0 = Debug|Any CPU
		{28C48F91-0303-4EEF-990A-965B2AD83034}.Release|iPhoneSimulator.ActiveCfg = Release|Any CPU
		{28C48F91-0303-4EEF-990A-965B2AD83034}.Release|iPhoneSimulator.Build.0 = Release|Any CPU
		{28C48F91-0303-4EEF-990A-965B2AD83034}.Debug|iPhone.ActiveCfg = Debug|Any CPU
		{28C48F91-0303-4EEF-990A-965B2AD83034}.Debug|iPhone.Build.0 = Debug|Any CPU
		{28C48F91-0303-4EEF-990A-965B2AD83034}.Release|iPhone.ActiveCfg = Release|Any CPU
		{28C48F91-0303-4EEF-990A-965B2AD83034}.Release|iPhone.Build.0 = Release|Any CPU
		{28C48F91-0303-4EEF-990A-965B2AD83034}.Ad-Hoc|iPhone.ActiveCfg = Debug|Any CPU
		{28C48F91-0303-4EEF-990A-965B2AD83034}.Ad-Hoc|iPhone.Build.0 = Debug|Any CPU
		{28C48F91-0303-4EEF-990A-965B2AD83034}.AppStore|iPhone.ActiveCfg = Debug|Any CPU
		{28C48F91-0303-4EEF-990A-965B2AD83034}.AppStore|iPhone.Build.0 = Debug|Any CPU
	EndGlobalSection
EndGlobal
